// !$*UTF8*$!
{
	archiveVersion = 1;
	classes = {
	};
	objectVersion = 56;
	objects = {

/* Begin PBXBuildFile section */
		7BBEAB4E2AE645CE00043F52 /* NeoCalApp.swift in Sources */ = {isa = PBXBuildFile; fileRef = 7BBEAB4D2AE645CE00043F52 /* NeoCalApp.swift */; };
		7BBEAB502AE645CE00043F52 /* ContentView.swift in Sources */ = {isa = PBXBuildFile; fileRef = 7BBEAB4F2AE645CE00043F52 /* ContentView.swift */; };
		7BBEAB522AE645CE00043F52 /* Item.swift in Sources */ = {isa = PBXBuildFile; fileRef = 7BBEAB512AE645CE00043F52 /* Item.swift */; };
		7BBEAB542AE645D200043F52 /* Assets.xcassets in Resources */ = {isa = PBXBuildFile; fileRef = 7BBEAB532AE645D200043F52 /* Assets.xcassets */; };
		7BBEAB572AE645D200043F52 /* Preview Assets.xcassets in Resources */ = {isa = PBXBuildFile; fileRef = 7BBEAB562AE645D200043F52 /* Preview Assets.xcassets */; };
		7BBEAB632AE645D200043F52 /* NeoCalTests.swift in Sources */ = {isa = PBXBuildFile; fileRef = 7BBEAB622AE645D200043F52 /* NeoCalTests.swift */; };
		7BBEAB6D2AE645D200043F52 /* NeoCalUITests.swift in Sources */ = {isa = PBXBuildFile; fileRef = 7BBEAB6C2AE645D200043F52 /* NeoCalUITests.swift */; };
		7BBEAB6F2AE645D200043F52 /* NeoCalUITestsLaunchTests.swift in Sources */ = {isa = PBXBuildFile; fileRef = 7BBEAB6E2AE645D200043F52 /* NeoCalUITestsLaunchTests.swift */; };
/* End PBXBuildFile section */

/* Begin PBXContainerItemProxy section */
		7BBEAB5F2AE645D200043F52 /* PBXContainerItemProxy */ = {
			isa = PBXContainerItemProxy;
			containerPortal = 7BBEAB422AE645CE00043F52 /* Project object */;
			proxyType = 1;
			remoteGlobalIDString = 7BBEAB492AE645CE00043F52;
			remoteInfo = NeoCal;
		};
		7BBEAB692AE645D200043F52 /* PBXContainerItemProxy */ = {
			isa = PBXContainerItemProxy;
			containerPortal = 7BBEAB422AE645CE00043F52 /* Project object */;
			proxyType = 1;
			remoteGlobalIDString = 7BBEAB492AE645CE00043F52;
			remoteInfo = NeoCal;
		};
/* End PBXContainerItemProxy section */

/* Begin PBXFileReference section */
		7BBEAB4A2AE645CE00043F52 /* NeoCal.app */ = {isa = PBXFileReference; explicitFileType = wrapper.application; includeInIndex = 0; path = NeoCal.app; sourceTree = BUILT_PRODUCTS_DIR; };
		7BBEAB4D2AE645CE00043F52 /* NeoCalApp.swift */ = {isa = PBXFileReference; lastKnownFileType = sourcecode.swift; path = NeoCalApp.swift; sourceTree = "<group>"; };
		7BBEAB4F2AE645CE00043F52 /* ContentView.swift */ = {isa = PBXFileReference; lastKnownFileType = sourcecode.swift; path = ContentView.swift; sourceTree = "<group>"; };
		7BBEAB512AE645CE00043F52 /* Item.swift */ = {isa = PBXFileReference; lastKnownFileType = sourcecode.swift; path = Item.swift; sourceTree = "<group>"; };
		7BBEAB532AE645D200043F52 /* Assets.xcassets */ = {isa = PBXFileReference; lastKnownFileType = folder.assetcatalog; path = Assets.xcassets; sourceTree = "<group>"; };
		7BBEAB562AE645D200043F52 /* Preview Assets.xcassets */ = {isa = PBXFileReference; lastKnownFileType = folder.assetcatalog; path = "Preview Assets.xcassets"; sourceTree = "<group>"; };
		7BBEAB582AE645D200043F52 /* NeoCal.entitlements */ = {isa = PBXFileReference; lastKnownFileType = text.plist.entitlements; path = NeoCal.entitlements; sourceTree = "<group>"; };
		7BBEAB592AE645D200043F52 /* Info.plist */ = {isa = PBXFileReference; lastKnownFileType = text.plist.xml; path = Info.plist; sourceTree = "<group>"; };
		7BBEAB5E2AE645D200043F52 /* NeoCalTests.xctest */ = {isa = PBXFileReference; explicitFileType = wrapper.cfbundle; includeInIndex = 0; path = NeoCalTests.xctest; sourceTree = BUILT_PRODUCTS_DIR; };
		7BBEAB622AE645D200043F52 /* NeoCalTests.swift */ = {isa = PBXFileReference; lastKnownFileType = sourcecode.swift; path = NeoCalTests.swift; sourceTree = "<group>"; };
		7BBEAB682AE645D200043F52 /* NeoCalUITests.xctest */ = {isa = PBXFileReference; explicitFileType = wrapper.cfbundle; includeInIndex = 0; path = NeoCalUITests.xctest; sourceTree = BUILT_PRODUCTS_DIR; };
		7BBEAB6C2AE645D200043F52 /* NeoCalUITests.swift */ = {isa = PBXFileReference; lastKnownFileType = sourcecode.swift; path = NeoCalUITests.swift; sourceTree = "<group>"; };
		7BBEAB6E2AE645D200043F52 /* NeoCalUITestsLaunchTests.swift */ = {isa = PBXFileReference; lastKnownFileType = sourcecode.swift; path = NeoCalUITestsLaunchTests.swift; sourceTree = "<group>"; };
/* End PBXFileReference section */

/* Begin PBXFrameworksBuildPhase section */
		7BBEAB472AE645CE00043F52 /* Frameworks */ = {
			isa = PBXFrameworksBuildPhase;
			buildActionMask = 2147483647;
			files = (
			);
			runOnlyForDeploymentPostprocessing = 0;
		};
		7BBEAB5B2AE645D200043F52 /* Frameworks */ = {
			isa = PBXFrameworksBuildPhase;
			buildActionMask = 2147483647;
			files = (
			);
			runOnlyForDeploymentPostprocessing = 0;
		};
		7BBEAB652AE645D200043F52 /* Frameworks */ = {
			isa = PBXFrameworksBuildPhase;
			buildActionMask = 2147483647;
			files = (
			);
			runOnlyForDeploymentPostprocessing = 0;
		};
/* End PBXFrameworksBuildPhase section */

/* Begin PBXGroup section */
		7BBEAB412AE645CE00043F52 = {
			isa = PBXGroup;
			children = (
				7BBEAB4C2AE645CE00043F52 /* NeoCal */,
				7BBEAB612AE645D200043F52 /* NeoCalTests */,
				7BBEAB6B2AE645D200043F52 /* NeoCalUITests */,
				7BBEAB4B2AE645CE00043F52 /* Products */,
			);
			sourceTree = "<group>";
		};
		7BBEAB4B2AE645CE00043F52 /* Products */ = {
			isa = PBXGroup;
			children = (
				7BBEAB4A2AE645CE00043F52 /* NeoCal.app */,
				7BBEAB5E2AE645D200043F52 /* NeoCalTests.xctest */,
				7BBEAB682AE645D200043F52 /* NeoCalUITests.xctest */,
			);
			name = Products;
			sourceTree = "<group>";
		};
		7BBEAB4C2AE645CE00043F52 /* NeoCal */ = {
			isa = PBXGroup;
			children = (
				7BBEAB4D2AE645CE00043F52 /* NeoCalApp.swift */,
				7BBEAB4F2AE645CE00043F52 /* ContentView.swift */,
				7BBEAB512AE645CE00043F52 /* Item.swift */,
				7BBEAB532AE645D200043F52 /* Assets.xcassets */,
				7BBEAB582AE645D200043F52 /* NeoCal.entitlements */,
				7BBEAB592AE645D200043F52 /* Info.plist */,
				7BBEAB552AE645D200043F52 /* Preview Content */,
			);
			path = NeoCal;
			sourceTree = "<group>";
		};
		7BBEAB552AE645D200043F52 /* Preview Content */ = {
			isa = PBXGroup;
			children = (
				7BBEAB562AE645D200043F52 /* Preview Assets.xcassets */,
			);
			path = "Preview Content";
			sourceTree = "<group>";
		};
		7BBEAB612AE645D200043F52 /* NeoCalTests */ = {
			isa = PBXGroup;
			children = (
				7BBEAB622AE645D200043F52 /* NeoCalTests.swift */,
			);
			path = NeoCalTests;
			sourceTree = "<group>";
		};
		7BBEAB6B2AE645D200043F52 /* NeoCalUITests */ = {
			isa = PBXGroup;
			children = (
				7BBEAB6C2AE645D200043F52 /* NeoCalUITests.swift */,
				7BBEAB6E2AE645D200043F52 /* NeoCalUITestsLaunchTests.swift */,
			);
			path = NeoCalUITests;
			sourceTree = "<group>";
		};
/* End PBXGroup section */

/* Begin PBXNativeTarget section */
		7BBEAB492AE645CE00043F52 /* NeoCal */ = {
			isa = PBXNativeTarget;
			buildConfigurationList = 7BBEAB722AE645D200043F52 /* Build configuration list for PBXNativeTarget "NeoCal" */;
			buildPhases = (
				7BBEAB462AE645CE00043F52 /* Sources */,
				7BBEAB472AE645CE00043F52 /* Frameworks */,
				7BBEAB482AE645CE00043F52 /* Resources */,
			);
			buildRules = (
			);
			dependencies = (
			);
			name = NeoCal;
			productName = NeoCal;
			productReference = 7BBEAB4A2AE645CE00043F52 /* NeoCal.app */;
			productType = "com.apple.product-type.application";
		};
		7BBEAB5D2AE645D200043F52 /* NeoCalTests */ = {
			isa = PBXNativeTarget;
			buildConfigurationList = 7BBEAB752AE645D200043F52 /* Build configuration list for PBXNativeTarget "NeoCalTests" */;
			buildPhases = (
				7BBEAB5A2AE645D200043F52 /* Sources */,
				7BBEAB5B2AE645D200043F52 /* Frameworks */,
				7BBEAB5C2AE645D200043F52 /* Resources */,
			);
			buildRules = (
			);
			dependencies = (
				7BBEAB602AE645D200043F52 /* PBXTargetDependency */,
			);
			name = NeoCalTests;
			productName = NeoCalTests;
			productReference = 7BBEAB5E2AE645D200043F52 /* NeoCalTests.xctest */;
			productType = "com.apple.product-type.bundle.unit-test";
		};
		7BBEAB672AE645D200043F52 /* NeoCalUITests */ = {
			isa = PBXNativeTarget;
			buildConfigurationList = 7BBEAB782AE645D200043F52 /* Build configuration list for PBXNativeTarget "NeoCalUITests" */;
			buildPhases = (
				7BBEAB642AE645D200043F52 /* Sources */,
				7BBEAB652AE645D200043F52 /* Frameworks */,
				7BBEAB662AE645D200043F52 /* Resources */,
			);
			buildRules = (
			);
			dependencies = (
				7BBEAB6A2AE645D200043F52 /* PBXTargetDependency */,
			);
			name = NeoCalUITests;
			productName = NeoCalUITests;
			productReference = 7BBEAB682AE645D200043F52 /* NeoCalUITests.xctest */;
			productType = "com.apple.product-type.bundle.ui-testing";
		};
/* End PBXNativeTarget section */

/* Begin PBXProject section */
		7BBEAB422AE645CE00043F52 /* Project object */ = {
			isa = PBXProject;
			attributes = {
				BuildIndependentTargetsInParallel = 1;
				LastSwiftUpdateCheck = 1500;
				LastUpgradeCheck = 1500;
				TargetAttributes = {
					7BBEAB492AE645CE00043F52 = {
						CreatedOnToolsVersion = 15.0.1;
					};
					7BBEAB5D2AE645D200043F52 = {
						CreatedOnToolsVersion = 15.0.1;
						TestTargetID = 7BBEAB492AE645CE00043F52;
					};
					7BBEAB672AE645D200043F52 = {
						CreatedOnToolsVersion = 15.0.1;
						TestTargetID = 7BBEAB492AE645CE00043F52;
					};
				};
			};
			buildConfigurationList = 7BBEAB452AE645CE00043F52 /* Build configuration list for PBXProject "NeoCal" */;
			compatibilityVersion = "Xcode 14.0";
			developmentRegion = en;
			hasScannedForEncodings = 0;
			knownRegions = (
				en,
				Base,
			);
			mainGroup = 7BBEAB412AE645CE00043F52;
			productRefGroup = 7BBEAB4B2AE645CE00043F52 /* Products */;
			projectDirPath = "";
			projectRoot = "";
			targets = (
				7BBEAB492AE645CE00043F52 /* NeoCal */,
				7BBEAB5D2AE645D200043F52 /* NeoCalTests */,
				7BBEAB672AE645D200043F52 /* NeoCalUITests */,
			);
		};
/* End PBXProject section */

/* Begin PBXResourcesBuildPhase section */
		7BBEAB482AE645CE00043F52 /* Resources */ = {
			isa = PBXResourcesBuildPhase;
			buildActionMask = 2147483647;
			files = (
				7BBEAB572AE645D200043F52 /* Preview Assets.xcassets in Resources */,
				7BBEAB542AE645D200043F52 /* Assets.xcassets in Resources */,
			);
			runOnlyForDeploymentPostprocessing = 0;
		};
		7BBEAB5C2AE645D200043F52 /* Resources */ = {
			isa = PBXResourcesBuildPhase;
			buildActionMask = 2147483647;
			files = (
			);
			runOnlyForDeploymentPostprocessing = 0;
		};
		7BBEAB662AE645D200043F52 /* Resources */ = {
			isa = PBXResourcesBuildPhase;
			buildActionMask = 2147483647;
			files = (
			);
			runOnlyForDeploymentPostprocessing = 0;
		};
/* End PBXResourcesBuildPhase section */

/* Begin PBXSourcesBuildPhase section */
		7BBEAB462AE645CE00043F52 /* Sources */ = {
			isa = PBXSourcesBuildPhase;
			buildActionMask = 2147483647;
			files = (
				7BBEAB502AE645CE00043F52 /* ContentView.swift in Sources */,
				7BBEAB522AE645CE00043F52 /* Item.swift in Sources */,
				7BBEAB4E2AE645CE00043F52 /* NeoCalApp.swift in Sources */,
			);
			runOnlyForDeploymentPostprocessing = 0;
		};
		7BBEAB5A2AE645D200043F52 /* Sources */ = {
			isa = PBXSourcesBuildPhase;
			buildActionMask = 2147483647;
			files = (
				7BBEAB632AE645D200043F52 /* NeoCalTests.swift in Sources */,
			);
			runOnlyForDeploymentPostprocessing = 0;
		};
		7BBEAB642AE645D200043F52 /* Sources */ = {
			isa = PBXSourcesBuildPhase;
			buildActionMask = 2147483647;
			files = (
				7BBEAB6F2AE645D200043F52 /* NeoCalUITestsLaunchTests.swift in Sources */,
				7BBEAB6D2AE645D200043F52 /* NeoCalUITests.swift in Sources */,
			);
			runOnlyForDeploymentPostprocessing = 0;
		};
/* End PBXSourcesBuildPhase section */

/* Begin PBXTargetDependency section */
		7BBEAB602AE645D200043F52 /* PBXTargetDependency */ = {
			isa = PBXTargetDependency;
			target = 7BBEAB492AE645CE00043F52 /* NeoCal */;
			targetProxy = 7BBEAB5F2AE645D200043F52 /* PBXContainerItemProxy */;
		};
		7BBEAB6A2AE645D200043F52 /* PBXTargetDependency */ = {
			isa = PBXTargetDependency;
			target = 7BBEAB492AE645CE00043F52 /* NeoCal */;
			targetProxy = 7BBEAB692AE645D200043F52 /* PBXContainerItemProxy */;
		};
/* End PBXTargetDependency section */

/* Begin XCBuildConfiguration section */
		7BBEAB702AE645D200043F52 /* Debug */ = {
			isa = XCBuildConfiguration;
			buildSettings = {
				ALWAYS_SEARCH_USER_PATHS = NO;
				ASSETCATALOG_COMPILER_GENERATE_SWIFT_ASSET_SYMBOL_EXTENSIONS = YES;
				CLANG_ANALYZER_NONNULL = YES;
				CLANG_ANALYZER_NUMBER_OBJECT_CONVERSION = YES_AGGRESSIVE;
				CLANG_CXX_LANGUAGE_STANDARD = "gnu++20";
				CLANG_ENABLE_MODULES = YES;
				CLANG_ENABLE_OBJC_ARC = YES;
				CLANG_ENABLE_OBJC_WEAK = YES;
				CLANG_WARN_BLOCK_CAPTURE_AUTORELEASING = YES;
				CLANG_WARN_BOOL_CONVERSION = YES;
				CLANG_WARN_COMMA = YES;
				CLANG_WARN_CONSTANT_CONVERSION = YES;
				CLANG_WARN_DEPRECATED_OBJC_IMPLEMENTATIONS = YES;
				CLANG_WARN_DIRECT_OBJC_ISA_USAGE = YES_ERROR;
				CLANG_WARN_DOCUMENTATION_COMMENTS = YES;
				CLANG_WARN_EMPTY_BODY = YES;
				CLANG_WARN_ENUM_CONVERSION = YES;
				CLANG_WARN_INFINITE_RECURSION = YES;
				CLANG_WARN_INT_CONVERSION = YES;
				CLANG_WARN_NON_LITERAL_NULL_CONVERSION = YES;
				CLANG_WARN_OBJC_IMPLICIT_RETAIN_SELF = YES;
				CLANG_WARN_OBJC_LITERAL_CONVERSION = YES;
				CLANG_WARN_OBJC_ROOT_CLASS = YES_ERROR;
				CLANG_WARN_QUOTED_INCLUDE_IN_FRAMEWORK_HEADER = YES;
				CLANG_WARN_RANGE_LOOP_ANALYSIS = YES;
				CLANG_WARN_STRICT_PROTOTYPES = YES;
				CLANG_WARN_SUSPICIOUS_MOVE = YES;
				CLANG_WARN_UNGUARDED_AVAILABILITY = YES_AGGRESSIVE;
				CLANG_WARN_UNREACHABLE_CODE = YES;
				CLANG_WARN__DUPLICATE_METHOD_MATCH = YES;
				COPY_PHASE_STRIP = NO;
				DEBUG_INFORMATION_FORMAT = dwarf;
				ENABLE_STRICT_OBJC_MSGSEND = YES;
				ENABLE_TESTABILITY = YES;
				ENABLE_USER_SCRIPT_SANDBOXING = YES;
				GCC_C_LANGUAGE_STANDARD = gnu17;
				GCC_DYNAMIC_NO_PIC = NO;
				GCC_NO_COMMON_BLOCKS = YES;
				GCC_OPTIMIZATION_LEVEL = 0;
				GCC_PREPROCESSOR_DEFINITIONS = (
					"DEBUG=1",
					"$(inherited)",
				);
				GCC_WARN_64_TO_32_BIT_CONVERSION = YES;
				GCC_WARN_ABOUT_RETURN_TYPE = YES_ERROR;
				GCC_WARN_UNDECLARED_SELECTOR = YES;
				GCC_WARN_UNINITIALIZED_AUTOS = YES_AGGRESSIVE;
				GCC_WARN_UNUSED_FUNCTION = YES;
				GCC_WARN_UNUSED_VARIABLE = YES;
				IPHONEOS_DEPLOYMENT_TARGET = 17.0;
				LOCALIZATION_PREFERS_STRING_CATALOGS = YES;
				MTL_ENABLE_DEBUG_INFO = INCLUDE_SOURCE;
				MTL_FAST_MATH = YES;
				ONLY_ACTIVE_ARCH = YES;
				SDKROOT = iphoneos;
				SWIFT_ACTIVE_COMPILATION_CONDITIONS = "DEBUG $(inherited)";
				SWIFT_OPTIMIZATION_LEVEL = "-Onone";
			};
			name = Debug;
		};
		7BBEAB712AE645D200043F52 /* Release */ = {
			isa = XCBuildConfiguration;
			buildSettings = {
				ALWAYS_SEARCH_USER_PATHS = NO;
				ASSETCATALOG_COMPILER_GENERATE_SWIFT_ASSET_SYMBOL_EXTENSIONS = YES;
				CLANG_ANALYZER_NONNULL = YES;
				CLANG_ANALYZER_NUMBER_OBJECT_CONVERSION = YES_AGGRESSIVE;
				CLANG_CXX_LANGUAGE_STANDARD = "gnu++20";
				CLANG_ENABLE_MODULES = YES;
				CLANG_ENABLE_OBJC_ARC = YES;
				CLANG_ENABLE_OBJC_WEAK = YES;
				CLANG_WARN_BLOCK_CAPTURE_AUTORELEASING = YES;
				CLANG_WARN_BOOL_CONVERSION = YES;
				CLANG_WARN_COMMA = YES;
				CLANG_WARN_CONSTANT_CONVERSION = YES;
				CLANG_WARN_DEPRECATED_OBJC_IMPLEMENTATIONS = YES;
				CLANG_WARN_DIRECT_OBJC_ISA_USAGE = YES_ERROR;
				CLANG_WARN_DOCUMENTATION_COMMENTS = YES;
				CLANG_WARN_EMPTY_BODY = YES;
				CLANG_WARN_ENUM_CONVERSION = YES;
				CLANG_WARN_INFINITE_RECURSION = YES;
				CLANG_WARN_INT_CONVERSION = YES;
				CLANG_WARN_NON_LITERAL_NULL_CONVERSION = YES;
				CLANG_WARN_OBJC_IMPLICIT_RETAIN_SELF = YES;
				CLANG_WARN_OBJC_LITERAL_CONVERSION = YES;
				CLANG_WARN_OBJC_ROOT_CLASS = YES_ERROR;
				CLANG_WARN_QUOTED_INCLUDE_IN_FRAMEWORK_HEADER = YES;
				CLANG_WARN_RANGE_LOOP_ANALYSIS = YES;
				CLANG_WARN_STRICT_PROTOTYPES = YES;
				CLANG_WARN_SUSPICIOUS_MOVE = YES;
				CLANG_WARN_UNGUARDED_AVAILABILITY = YES_AGGRESSIVE;
				CLANG_WARN_UNREACHABLE_CODE = YES;
				CLANG_WARN__DUPLICATE_METHOD_MATCH = YES;
				COPY_PHASE_STRIP = NO;
				DEBUG_INFORMATION_FORMAT = "dwarf-with-dsym";
				ENABLE_NS_ASSERTIONS = NO;
				ENABLE_STRICT_OBJC_MSGSEND = YES;
				ENABLE_USER_SCRIPT_SANDBOXING = YES;
				GCC_C_LANGUAGE_STANDARD = gnu17;
				GCC_NO_COMMON_BLOCKS = YES;
				GCC_WARN_64_TO_32_BIT_CONVERSION = YES;
				GCC_WARN_ABOUT_RETURN_TYPE = YES_ERROR;
				GCC_WARN_UNDECLARED_SELECTOR = YES;
				GCC_WARN_UNINITIALIZED_AUTOS = YES_AGGRESSIVE;
				GCC_WARN_UNUSED_FUNCTION = YES;
				GCC_WARN_UNUSED_VARIABLE = YES;
				IPHONEOS_DEPLOYMENT_TARGET = 17.0;
				LOCALIZATION_PREFERS_STRING_CATALOGS = YES;
				MTL_ENABLE_DEBUG_INFO = NO;
				MTL_FAST_MATH = YES;
				SDKROOT = iphoneos;
				SWIFT_COMPILATION_MODE = wholemodule;
				VALIDATE_PRODUCT = YES;
			};
			name = Release;
		};
		7BBEAB732AE645D200043F52 /* Debug */ = {
			isa = XCBuildConfiguration;
			buildSettings = {
				ASSETCATALOG_COMPILER_APPICON_NAME = AppIcon;
				ASSETCATALOG_COMPILER_GLOBAL_ACCENT_COLOR_NAME = AccentColor;
				CODE_SIGN_ENTITLEMENTS = NeoCal/NeoCal.entitlements;
				CODE_SIGN_STYLE = Automatic;
				CURRENT_PROJECT_VERSION = 1;
				DEVELOPMENT_ASSET_PATHS = "\"NeoCal/Preview Content\"";
				DEVELOPMENT_TEAM = 2ZBVR8AP3W;
				ENABLE_PREVIEWS = YES;
				GENERATE_INFOPLIST_FILE = YES;
				INFOPLIST_FILE = NeoCal/Info.plist;
				INFOPLIST_KEY_CFBundleDisplayName = NeoCal;
				INFOPLIST_KEY_LSApplicationCategoryType = "public.app-category.utilities";
				INFOPLIST_KEY_UIApplicationSceneManifest_Generation = YES;
				INFOPLIST_KEY_UIApplicationSupportsIndirectInputEvents = YES;
				INFOPLIST_KEY_UILaunchScreen_Generation = YES;
				INFOPLIST_KEY_UISupportedInterfaceOrientations = "UIInterfaceOrientationLandscapeLeft UIInterfaceOrientationLandscapeRight UIInterfaceOrientationPortrait";
				INFOPLIST_KEY_UISupportedInterfaceOrientations_iPad = UIInterfaceOrientationPortrait;
				IPHONEOS_DEPLOYMENT_TARGET = 17.0;
				LD_RUNPATH_SEARCH_PATHS = (
					"$(inherited)",
					"@executable_path/Frameworks",
				);
				MARKETING_VERSION = 1.0;
				PRODUCT_BUNDLE_IDENTIFIER = com.neovasolutions.NeoCal;
				PRODUCT_NAME = "$(TARGET_NAME)";
				SWIFT_EMIT_LOC_STRINGS = YES;
				SWIFT_VERSION = 5.0;
				TARGETED_DEVICE_FAMILY = "1,2";
			};
			name = Debug;
		};
		7BBEAB742AE645D200043F52 /* Release */ = {
			isa = XCBuildConfiguration;
			buildSettings = {
				ASSETCATALOG_COMPILER_APPICON_NAME = AppIcon;
				ASSETCATALOG_COMPILER_GLOBAL_ACCENT_COLOR_NAME = AccentColor;
				CODE_SIGN_ENTITLEMENTS = NeoCal/NeoCal.entitlements;
				CODE_SIGN_STYLE = Automatic;
				CURRENT_PROJECT_VERSION = 1;
				DEVELOPMENT_ASSET_PATHS = "\"NeoCal/Preview Content\"";
				DEVELOPMENT_TEAM = 2ZBVR8AP3W;
				ENABLE_PREVIEWS = YES;
				GENERATE_INFOPLIST_FILE = YES;
				INFOPLIST_FILE = NeoCal/Info.plist;
				INFOPLIST_KEY_CFBundleDisplayName = NeoCal;
				INFOPLIST_KEY_LSApplicationCategoryType = "public.app-category.utilities";
				INFOPLIST_KEY_UIApplicationSceneManifest_Generation = YES;
				INFOPLIST_KEY_UIApplicationSupportsIndirectInputEvents = YES;
				INFOPLIST_KEY_UILaunchScreen_Generation = YES;
				INFOPLIST_KEY_UISupportedInterfaceOrientations = "UIInterfaceOrientationLandscapeLeft UIInterfaceOrientationLandscapeRight UIInterfaceOrientationPortrait";
				INFOPLIST_KEY_UISupportedInterfaceOrientations_iPad = UIInterfaceOrientationPortrait;
				IPHONEOS_DEPLOYMENT_TARGET = 17.0;
				LD_RUNPATH_SEARCH_PATHS = (
					"$(inherited)",
					"@executable_path/Frameworks",
				);
				MARKETING_VERSION = 1.0;
				PRODUCT_BUNDLE_IDENTIFIER = com.neovasolutions.NeoCal;
				PRODUCT_NAME = "$(TARGET_NAME)";
				SWIFT_EMIT_LOC_STRINGS = YES;
				SWIFT_VERSION = 5.0;
				TARGETED_DEVICE_FAMILY = "1,2";
			};
			name = Release;
		};
		7BBEAB762AE645D200043F52 /* Debug */ = {
			isa = XCBuildConfiguration;
			buildSettings = {
				ALWAYS_EMBED_SWIFT_STANDARD_LIBRARIES = YES;
				BUNDLE_LOADER = "$(TEST_HOST)";
				CODE_SIGN_STYLE = Automatic;
				CURRENT_PROJECT_VERSION = 1;
				DEVELOPMENT_TEAM = 2ZBVR8AP3W;
				GENERATE_INFOPLIST_FILE = YES;
				IPHONEOS_DEPLOYMENT_TARGET = 17.0;
				MARKETING_VERSION = 1.0;
				PRODUCT_BUNDLE_IDENTIFIER = com.neovasolutions.NeoCalTests;
				PRODUCT_NAME = "$(TARGET_NAME)";
				SWIFT_EMIT_LOC_STRINGS = NO;
				SWIFT_VERSION = 5.0;
				TARGETED_DEVICE_FAMILY = "1,2";
				TEST_HOST = "$(BUILT_PRODUCTS_DIR)/NeoCal.app/$(BUNDLE_EXECUTABLE_FOLDER_PATH)/NeoCal";
			};
			name = Debug;
		};
		7BBEAB772AE645D200043F52 /* Release */ = {
			isa = XCBuildConfiguration;
			buildSettings = {
				ALWAYS_EMBED_SWIFT_STANDARD_LIBRARIES = YES;
				BUNDLE_LOADER = "$(TEST_HOST)";
				CODE_SIGN_STYLE = Automatic;
				CURRENT_PROJECT_VERSION = 1;
				DEVELOPMENT_TEAM = 2ZBVR8AP3W;
				GENERATE_INFOPLIST_FILE = YES;
				IPHONEOS_DEPLOYMENT_TARGET = 17.0;
				MARKETING_VERSION = 1.0;
				PRODUCT_BUNDLE_IDENTIFIER = com.neovasolutions.NeoCalTests;
				PRODUCT_NAME = "$(TARGET_NAME)";
				SWIFT_EMIT_LOC_STRINGS = NO;
				SWIFT_VERSION = 5.0;
				TARGETED_DEVICE_FAMILY = "1,2";
				TEST_HOST = "$(BUILT_PRODUCTS_DIR)/NeoCal.app/$(BUNDLE_EXECUTABLE_FOLDER_PATH)/NeoCal";
			};
			name = Release;
		};
		7BBEAB792AE645D200043F52 /* Debug */ = {
			isa = XCBuildConfiguration;
			buildSettings = {
				ALWAYS_EMBED_SWIFT_STANDARD_LIBRARIES = YES;
				CODE_SIGN_STYLE = Automatic;
				CURRENT_PROJECT_VERSION = 1;
				DEVELOPMENT_TEAM = 2ZBVR8AP3W;
				GENERATE_INFOPLIST_FILE = YES;
				MARKETING_VERSION = 1.0;
				PRODUCT_BUNDLE_IDENTIFIER = com.neovasolutions.NeoCalUITests;
				PRODUCT_NAME = "$(TARGET_NAME)";
				SWIFT_EMIT_LOC_STRINGS = NO;
				SWIFT_VERSION = 5.0;
				TARGETED_DEVICE_FAMILY = "1,2";
				TEST_TARGET_NAME = NeoCal;
			};
			name = Debug;
		};
		7BBEAB7A2AE645D200043F52 /* Release */ = {
			isa = XCBuildConfiguration;
			buildSettings = {
				ALWAYS_EMBED_SWIFT_STANDARD_LIBRARIES = YES;
				CODE_SIGN_STYLE = Automatic;
				CURRENT_PROJECT_VERSION = 1;
				DEVELOPMENT_TEAM = 2ZBVR8AP3W;
				GENERATE_INFOPLIST_FILE = YES;
				MARKETING_VERSION = 1.0;
				PRODUCT_BUNDLE_IDENTIFIER = com.neovasolutions.NeoCalUITests;
				PRODUCT_NAME = "$(TARGET_NAME)";
				SWIFT_EMIT_LOC_STRINGS = NO;
				SWIFT_VERSION = 5.0;
				TARGETED_DEVICE_FAMILY = "1,2";
				TEST_TARGET_NAME = NeoCal;
			};
			name = Release;
		};
/* End XCBuildConfiguration section */

/* Begin XCConfigurationList section */
		7BBEAB452AE645CE00043F52 /* Build configuration list for PBXProject "NeoCal" */ = {
			isa = XCConfigurationList;
			buildConfigurations = (
				7BBEAB702AE645D200043F52 /* Debug */,
				7BBEAB712AE645D200043F52 /* Release */,
			);
			defaultConfigurationIsVisible = 0;
			defaultConfigurationName = Release;
		};
		7BBEAB722AE645D200043F52 /* Build configuration list for PBXNativeTarget "NeoCal" */ = {
			isa = XCConfigurationList;
			buildConfigurations = (
				7BBEAB732AE645D200043F52 /* Debug */,
				7BBEAB742AE645D200043F52 /* Release */,
			);
			defaultConfigurationIsVisible = 0;
			defaultConfigurationName = Release;
		};
		7BBEAB752AE645D200043F52 /* Build configuration list for PBXNativeTarget "NeoCalTests" */ = {
			isa = XCConfigurationList;
			buildConfigurations = (
				7BBEAB762AE645D200043F52 /* Debug */,
				7BBEAB772AE645D200043F52 /* Release */,
			);
			defaultConfigurationIsVisible = 0;
			defaultConfigurationName = Release;
		};
		7BBEAB782AE645D200043F52 /* Build configuration list for PBXNativeTarget "NeoCalUITests" */ = {
			isa = XCConfigurationList;
			buildConfigurations = (
				7BBEAB792AE645D200043F52 /* Debug */,
				7BBEAB7A2AE645D200043F52 /* Release */,
			);
			defaultConfigurationIsVisible = 0;
			defaultConfigurationName = Release;
		};
/* End XCConfigurationList section */
	};
	rootObject = 7BBEAB422AE645CE00043F52 /* Project object */;
}
